<?xml version="1.0" encoding="utf-8"?>
<Project ToolsVersion="4.0" xmlns="http://schemas.microsoft.com/developer/msbuild/2003">
  <ItemGroup>
    <Filter Include="头文件">
      <UniqueIdentifier>{93995380-89BD-4b04-88EB-625FBE52EBFB}</UniqueIdentifier>
      <Extensions>h;hh;hpp;hxx;hm;inl;inc;xsd</Extensions>
    </Filter>
    <Filter Include="资源文件">
      <UniqueIdentifier>{67DA6AB6-F800-4c08-8B7A-83BB121AAD01}</UniqueIdentifier>
      <Extensions>rc;ico;cur;bmp;dlg;rc2;rct;bin;rgs;gif;jpg;jpeg;jpe;resx;tiff;tif;png;wav;mfcribbon-ms</Extensions>
    </Filter>
    <Filter Include="SourceCode">
      <UniqueIdentifier>{4FC737F1-C7A5-4376-A066-2A32D752A2FF}</UniqueIdentifier>
      <Extensions>cpp;c;cc;cxx;def;odl;idl;hpj;bat;asm;asmx</Extensions>
    </Filter>
    <Filter Include="SourceCode\3rd">
      <UniqueIdentifier>{75f0b4f0-0c7a-45dd-88ef-cff507f02316}</UniqueIdentifier>
    </Filter>
    <Filter Include="SourceCode\3rd\crypt">
      <UniqueIdentifier>{19512bfa-a776-4bf6-941e-76ddc76c0811}</UniqueIdentifier>
    </Filter>
    <Filter Include="SourceCode\3rd\http_parser">
      <UniqueIdentifier>{d46d4578-0a34-4863-b288-d9a02332c497}</UniqueIdentifier>
    </Filter>
    <Filter Include="SourceCode\net_io">
      <UniqueIdentifier>{ead9c52a-861d-4af4-bc9b-6bf29167613d}</UniqueIdentifier>
    </Filter>
    <Filter Include="SourceCode\3rd\mjson">
      <UniqueIdentifier>{2aed4e0c-6a75-4b81-bf18-56add5e15072}</UniqueIdentifier>
    </Filter>
    <Filter Include="SourceCode\test">
      <UniqueIdentifier>{0d93d3ac-dc15-4d5e-aefb-3bec6ade3792}</UniqueIdentifier>
    </Filter>
  </ItemGroup>
  <ItemGroup>
    <ClCompile Include="SourceCode\3rd\crypt\base64_encoder.c">
      <Filter>SourceCode\3rd\crypt</Filter>
    </ClCompile>
    <ClCompile Include="SourceCode\3rd\crypt\sha1.c">
      <Filter>SourceCode\3rd\crypt</Filter>
    </ClCompile>
    <ClCompile Include="SourceCode\3rd\http_parser\http_parser.c">
      <Filter>SourceCode\3rd\http_parser</Filter>
    </ClCompile>
    <ClCompile Include="SourceCode\main.c">
      <Filter>SourceCode</Filter>
    </ClCompile>
    <ClCompile Include="SourceCode\net_io\tcp_session.c">
      <Filter>SourceCode\net_io</Filter>
    </ClCompile>
    <ClCompile Include="SourceCode\server_gateway.c">
      <Filter>SourceCode</Filter>
    </ClCompile>
    <ClCompile Include="SourceCode\net_io\net_iocp_win.c">
      <Filter>SourceCode\net_io</Filter>
    </ClCompile>
    <ClCompile Include="SourceCode\3rd\mjson\json.c">
      <Filter>SourceCode\3rd\mjson</Filter>
    </ClCompile>
    <ClCompile Include="SourceCode\test\game_protocol.c">
      <Filter>SourceCode\test</Filter>
    </ClCompile>
    <ClCompile Include="SourceCode\test\LinkTest.c">
      <Filter>SourceCode\test</Filter>
    </ClCompile>
    <ClCompile Include="SourceCode\test\reallocTest.c">
      <Filter>SourceCode\test</Filter>
    </ClCompile>
    <ClCompile Include="SourceCode\test\TCP_IOCP_Binary_Test.c">
      <Filter>SourceCode\test</Filter>
    </ClCompile>
  </ItemGroup>
  <ItemGroup>
    <ClInclude Include="SourceCode\3rd\crypt\base64_encoder.h">
      <Filter>SourceCode\3rd\crypt</Filter>
    </ClInclude>
    <ClInclude Include="SourceCode\3rd\crypt\sha1.h">
      <Filter>SourceCode\3rd\crypt</Filter>
    </ClInclude>
    <ClInclude Include="SourceCode\3rd\http_parser\http_parser.h">
      <Filter>SourceCode\3rd\http_parser</Filter>
    </ClInclude>
    <ClInclude Include="SourceCode\net_io\tcp_session.h">
      <Filter>SourceCode\net_io</Filter>
    </ClInclude>
    <ClInclude Include="SourceCode\server_gateway.h">
      <Filter>SourceCode</Filter>
    </ClInclude>
    <ClInclude Include="SourceCode\3rd\mjson\json.h">
      <Filter>SourceCode\3rd\mjson</Filter>
    </ClInclude>
    <ClInclude Include="SourceCode\test\game_protocol.h">
      <Filter>SourceCode\test</Filter>
    </ClInclude>
  </ItemGroup>
</Project>